version = 0

[requires]
  yjson = {git = "https://github.com/lIlIIlIll/yjson.git", commitId = "92858f75aedc3dd6f7322789117854514549e62c", output-type = "static"}
  llm4cj = {git = "https://github.com/lIlIIlIll/llm4cj.git", commitId = "62e6c57227630f2ccbc0f48fecfdf36a896e7e6d", branch = "fix/wire-error-observed-usage", output-type = "static"}
