version = 0

[requires]
  yjson = {git = "https://github.com/lIlIIlIll/yjson.git", commitId = "92858f75aedc3dd6f7322789117854514549e62c", output-type = "static"}
  llm4cj = {git = "https://github.com/lIlIIlIll/llm4cj.git", commitId = "03e740ec89f9206b21cdd56721b68d63149adc30", branch = "main", output-type = "static"}
